
Microsoft Visual Studio Solution File, Format Version 12.00
# Visual Studio Version 17
VisualStudioVersion = 17.5.002.0
MinimumVisualStudioVersion = 10.0.40219.1
Project("{2150E333-8FDC-42A3-9474-1A3956D46DE8}") = "sandbox", "sandbox", "{77CA5BA5-7B30-4A0B-9998-3BADF86F85A8}"
EndProject
Project("{9A19103F-16F7-4668-BE54-9A1E7A4F7556}") = "sandbox_project", "sandbox\sandbox_project\sandbox_project.csproj", "{4CDAA233-554A-49DE-BA87-935517F495B0}"
EndProject
Project("{2150E333-8FDC-42A3-9474-1A3956D46DE8}") = "week01", "week01", "{965CAF15-574D-4FA5-978F-EB4648996478}"
EndProject
Project("{9A19103F-16F7-4668-BE54-9A1E7A4F7556}") = "analyze", "week01\analyze\analyze.csproj", "{049CBEE0-D0CF-4903-94A9-E2C076B7CC87}"
EndProject
Project("{9A19103F-16F7-4668-BE54-9A1E7A4F7556}") = "code", "week01\code\code.csproj", "{2E2EC05A-4E41-4257-979C-15DB78ECB223}"
EndProject
Project("{9A19103F-16F7-4668-BE54-9A1E7A4F7556}") = "teach", "week01\teach\teach.csproj", "{D7837E8C-DDC6-4675-B36A-1D1B6C6B73D2}"
EndProject
Project("{2150E333-8FDC-42A3-9474-1A3956D46DE8}") = "week02", "week02", "{ACD423EF-F993-440E-84DF-F1E3800B2AA5}"
EndProject
Project("{9A19103F-16F7-4668-BE54-9A1E7A4F7556}") = "analyze", "week02\analyze\analyze.csproj", "{5FDE5138-9674-4A1D-8F89-18C4573FE199}"
EndProject
Project("{9A19103F-16F7-4668-BE54-9A1E7A4F7556}") = "code", "week02\code\code.csproj", "{F0BDA720-2FF8-4D1C-BFF1-F8A4DADDAF68}"
EndProject
Project("{9A19103F-16F7-4668-BE54-9A1E7A4F7556}") = "learn", "week02\learn\learn.csproj", "{FA9D3A8F-FF8D-40B1-8BEB-01C1ECC25521}"
EndProject
Project("{9A19103F-16F7-4668-BE54-9A1E7A4F7556}") = "teach", "week02\teach\teach.csproj", "{FD868CCD-D475-4102-9F42-9F5300B30CB8}"
EndProject
Project("{2150E333-8FDC-42A3-9474-1A3956D46DE8}") = "week03", "week03", "{96A676A7-7D0B-4080-A016-A8BBB7849694}"
EndProject
Project("{9A19103F-16F7-4668-BE54-9A1E7A4F7556}") = "code", "week03\code\code.csproj", "{E2A6C928-2A36-4912-8ECC-0BF492604A0C}"
EndProject
Project("{9A19103F-16F7-4668-BE54-9A1E7A4F7556}") = "learn", "week03\learn\learn.csproj", "{171B4DA9-A6EF-4B26-A8ED-53653BFAD492}"
EndProject
Project("{9A19103F-16F7-4668-BE54-9A1E7A4F7556}") = "teach", "week03\teach\teach.csproj", "{059BE96A-1CAE-4836-B1F1-C7573F59A335}"
EndProject
Project("{2150E333-8FDC-42A3-9474-1A3956D46DE8}") = "week04", "week04", "{E25B9605-BB3B-4690-AF3E-C89D22C479FE}"
EndProject
Project("{9A19103F-16F7-4668-BE54-9A1E7A4F7556}") = "code", "week04\code\code.csproj", "{23F49EF9-5496-4FAA-A094-0FC35E474B9C}"
EndProject
Project("{2150E333-8FDC-42A3-9474-1A3956D46DE8}") = "week05", "week05", "{91C594F5-E02C-41A9-8B78-C4B789A6A1B3}"
EndProject
Project("{9A19103F-16F7-4668-BE54-9A1E7A4F7556}") = "code", "week05\code\code.csproj", "{A007318B-83A1-4FF0-A5BD-CC77B2679ED4}"
EndProject
Project("{2150E333-8FDC-42A3-9474-1A3956D46DE8}") = "week06", "week06", "{35622D9C-951F-4816-99A3-BF118086CEC3}"
EndProject
Project("{9A19103F-16F7-4668-BE54-9A1E7A4F7556}") = "code", "week06\code\code.csproj", "{C456AE30-37DA-4D35-B36A-4206B6CD6DC9}"
EndProject
Global
	GlobalSection(SolutionConfigurationPlatforms) = preSolution
		Debug|Any CPU = Debug|Any CPU
		Release|Any CPU = Release|Any CPU
	EndGlobalSection
	GlobalSection(ProjectConfigurationPlatforms) = postSolution
		{4CDAA233-554A-49DE-BA87-935517F495B0}.Debug|Any CPU.ActiveCfg = Debug|Any CPU
		{4CDAA233-554A-49DE-BA87-935517F495B0}.Debug|Any CPU.Build.0 = Debug|Any CPU
		{4CDAA233-554A-49DE-BA87-935517F495B0}.Release|Any CPU.ActiveCfg = Release|Any CPU
		{4CDAA233-554A-49DE-BA87-935517F495B0}.Release|Any CPU.Build.0 = Release|Any CPU
		{049CBEE0-D0CF-4903-94A9-E2C076B7CC87}.Debug|Any CPU.ActiveCfg = Debug|Any CPU
		{049CBEE0-D0CF-4903-94A9-E2C076B7CC87}.Debug|Any CPU.Build.0 = Debug|Any CPU
		{049CBEE0-D0CF-4903-94A9-E2C076B7CC87}.Release|Any CPU.ActiveCfg = Release|Any CPU
		{049CBEE0-D0CF-4903-94A9-E2C076B7CC87}.Release|Any CPU.Build.0 = Release|Any CPU
		{2E2EC05A-4E41-4257-979C-15DB78ECB223}.Debug|Any CPU.ActiveCfg = Debug|Any CPU
		{2E2EC05A-4E41-4257-979C-15DB78ECB223}.Debug|Any CPU.Build.0 = Debug|Any CPU
		{2E2EC05A-4E41-4257-979C-15DB78ECB223}.Release|Any CPU.ActiveCfg = Release|Any CPU
		{2E2EC05A-4E41-4257-979C-15DB78ECB223}.Release|Any CPU.Build.0 = Release|Any CPU
		{D7837E8C-DDC6-4675-B36A-1D1B6C6B73D2}.Debug|Any CPU.ActiveCfg = Debug|Any CPU
		{D7837E8C-DDC6-4675-B36A-1D1B6C6B73D2}.Debug|Any CPU.Build.0 = Debug|Any CPU
		{D7837E8C-DDC6-4675-B36A-1D1B6C6B73D2}.Release|Any CPU.ActiveCfg = Release|Any CPU
		{D7837E8C-DDC6-4675-B36A-1D1B6C6B73D2}.Release|Any CPU.Build.0 = Release|Any CPU
		{5FDE5138-9674-4A1D-8F89-18C4573FE199}.Debug|Any CPU.ActiveCfg = Debug|Any CPU
		{5FDE5138-9674-4A1D-8F89-18C4573FE199}.Debug|Any CPU.Build.0 = Debug|Any CPU
		{5FDE5138-9674-4A1D-8F89-18C4573FE199}.Release|Any CPU.ActiveCfg = Release|Any CPU
		{5FDE5138-9674-4A1D-8F89-18C4573FE199}.Release|Any CPU.Build.0 = Release|Any CPU
		{F0BDA720-2FF8-4D1C-BFF1-F8A4DADDAF68}.Debug|Any CPU.ActiveCfg = Debug|Any CPU
		{F0BDA720-2FF8-4D1C-BFF1-F8A4DADDAF68}.Debug|Any CPU.Build.0 = Debug|Any CPU
		{F0BDA720-2FF8-4D1C-BFF1-F8A4DADDAF68}.Release|Any CPU.ActiveCfg = Release|Any CPU
		{F0BDA720-2FF8-4D1C-BFF1-F8A4DADDAF68}.Release|Any CPU.Build.0 = Release|Any CPU
		{FA9D3A8F-FF8D-40B1-8BEB-01C1ECC25521}.Debug|Any CPU.ActiveCfg = Debug|Any CPU
		{FA9D3A8F-FF8D-40B1-8BEB-01C1ECC25521}.Debug|Any CPU.Build.0 = Debug|Any CPU
		{FA9D3A8F-FF8D-40B1-8BEB-01C1ECC25521}.Release|Any CPU.ActiveCfg = Release|Any CPU
		{FA9D3A8F-FF8D-40B1-8BEB-01C1ECC25521}.Release|Any CPU.Build.0 = Release|Any CPU
		{FD868CCD-D475-4102-9F42-9F5300B30CB8}.Debug|Any CPU.ActiveCfg = Debug|Any CPU
		{FD868CCD-D475-4102-9F42-9F5300B30CB8}.Debug|Any CPU.Build.0 = Debug|Any CPU
		{FD868CCD-D475-4102-9F42-9F5300B30CB8}.Release|Any CPU.ActiveCfg = Release|Any CPU
		{FD868CCD-D475-4102-9F42-9F5300B30CB8}.Release|Any CPU.Build.0 = Release|Any CPU
		{E2A6C928-2A36-4912-8ECC-0BF492604A0C}.Debug|Any CPU.ActiveCfg = Debug|Any CPU
		{E2A6C928-2A36-4912-8ECC-0BF492604A0C}.Debug|Any CPU.Build.0 = Debug|Any CPU
		{E2A6C928-2A36-4912-8ECC-0BF492604A0C}.Release|Any CPU.ActiveCfg = Release|Any CPU
		{E2A6C928-2A36-4912-8ECC-0BF492604A0C}.Release|Any CPU.Build.0 = Release|Any CPU
		{171B4DA9-A6EF-4B26-A8ED-53653BFAD492}.Debug|Any CPU.ActiveCfg = Debug|Any CPU
		{171B4DA9-A6EF-4B26-A8ED-53653BFAD492}.Debug|Any CPU.Build.0 = Debug|Any CPU
		{171B4DA9-A6EF-4B26-A8ED-53653BFAD492}.Release|Any CPU.ActiveCfg = Release|Any CPU
		{171B4DA9-A6EF-4B26-A8ED-53653BFAD492}.Release|Any CPU.Build.0 = Release|Any CPU
		{059BE96A-1CAE-4836-B1F1-C7573F59A335}.Debug|Any CPU.ActiveCfg = Debug|Any CPU
		{059BE96A-1CAE-4836-B1F1-C7573F59A335}.Debug|Any CPU.Build.0 = Debug|Any CPU
		{059BE96A-1CAE-4836-B1F1-C7573F59A335}.Release|Any CPU.ActiveCfg = Release|Any CPU
		{059BE96A-1CAE-4836-B1F1-C7573F59A335}.Release|Any CPU.Build.0 = Release|Any CPU
		{23F49EF9-5496-4FAA-A094-0FC35E474B9C}.Debug|Any CPU.ActiveCfg = Debug|Any CPU
		{23F49EF9-5496-4FAA-A094-0FC35E474B9C}.Debug|Any CPU.Build.0 = Debug|Any CPU
		{23F49EF9-5496-4FAA-A094-0FC35E474B9C}.Release|Any CPU.ActiveCfg = Release|Any CPU
		{23F49EF9-5496-4FAA-A094-0FC35E474B9C}.Release|Any CPU.Build.0 = Release|Any CPU
		{A007318B-83A1-4FF0-A5BD-CC77B2679ED4}.Debug|Any CPU.ActiveCfg = Debug|Any CPU
		{A007318B-83A1-4FF0-A5BD-CC77B2679ED4}.Debug|Any CPU.Build.0 = Debug|Any CPU
		{A007318B-83A1-4FF0-A5BD-CC77B2679ED4}.Release|Any CPU.ActiveCfg = Release|Any CPU
		{A007318B-83A1-4FF0-A5BD-CC77B2679ED4}.Release|Any CPU.Build.0 = Release|Any CPU
		{C456AE30-37DA-4D35-B36A-4206B6CD6DC9}.Debug|Any CPU.ActiveCfg = Debug|Any CPU
		{C456AE30-37DA-4D35-B36A-4206B6CD6DC9}.Debug|Any CPU.Build.0 = Debug|Any CPU
		{C456AE30-37DA-4D35-B36A-4206B6CD6DC9}.Release|Any CPU.ActiveCfg = Release|Any CPU
		{C456AE30-37DA-4D35-B36A-4206B6CD6DC9}.Release|Any CPU.Build.0 = Release|Any CPU
	EndGlobalSection
	GlobalSection(SolutionProperties) = preSolution
		HideSolutionNode = FALSE
	EndGlobalSection
	GlobalSection(NestedProjects) = preSolution
		{4CDAA233-554A-49DE-BA87-935517F495B0} = {77CA5BA5-7B30-4A0B-9998-3BADF86F85A8}
		{049CBEE0-D0CF-4903-94A9-E2C076B7CC87} = {965CAF15-574D-4FA5-978F-EB4648996478}
		{2E2EC05A-4E41-4257-979C-15DB78ECB223} = {965CAF15-574D-4FA5-978F-EB4648996478}
		{D7837E8C-DDC6-4675-B36A-1D1B6C6B73D2} = {965CAF15-574D-4FA5-978F-EB4648996478}
		{5FDE5138-9674-4A1D-8F89-18C4573FE199} = {ACD423EF-F993-440E-84DF-F1E3800B2AA5}
		{F0BDA720-2FF8-4D1C-BFF1-F8A4DADDAF68} = {ACD423EF-F993-440E-84DF-F1E3800B2AA5}
		{FA9D3A8F-FF8D-40B1-8BEB-01C1ECC25521} = {ACD423EF-F993-440E-84DF-F1E3800B2AA5}
		{FD868CCD-D475-4102-9F42-9F5300B30CB8} = {ACD423EF-F993-440E-84DF-F1E3800B2AA5}
		{E2A6C928-2A36-4912-8ECC-0BF492604A0C} = {96A676A7-7D0B-4080-A016-A8BBB7849694}
		{171B4DA9-A6EF-4B26-A8ED-53653BFAD492} = {96A676A7-7D0B-4080-A016-A8BBB7849694}
		{059BE96A-1CAE-4836-B1F1-C7573F59A335} = {96A676A7-7D0B-4080-A016-A8BBB7849694}
		{23F49EF9-5496-4FAA-A094-0FC35E474B9C} = {E25B9605-BB3B-4690-AF3E-C89D22C479FE}
		{A007318B-83A1-4FF0-A5BD-CC77B2679ED4} = {91C594F5-E02C-41A9-8B78-C4B789A6A1B3}
		{C456AE30-37DA-4D35-B36A-4206B6CD6DC9} = {35622D9C-951F-4816-99A3-BF118086CEC3}
	EndGlobalSection
	GlobalSection(ExtensibilityGlobals) = postSolution
		SolutionGuid = {4BF983A6-7EF6-437B-94CB-C4BE3EEF423B}
	EndGlobalSection
EndGlobal
